decred.org/cspp v0.1.3 h1:7l2SikgbzinIHS8EVq+lvOXAby7ZVuIj/hzz/RcNEz0=
decred.org/cspp v0.1.3/go.mod h1:AluGqqtq580GdsWxH2wbYtCDKi5D5P4sA96waw70D5c=
github.com/agl/ed25519 v0.0.0-20170116200512-5312a6153412 h1:w1UutsfOrms1J05zt7ISrnJIXKzwaspym5BTKGx93EI=
github.com/agl/ed25519 v0.0.0-20170116200512-5312a6153412/go.mod h1:WPjqKcmVOxf0XSf3YxCJs6N6AOSrOx3obionmG7T0y0=
github.com/btcsuite/goleveldb v1.0.0 h1:Tvd0BfvqX9o823q1j2UZ/epQo09eJh6dTcRp79ilIN4=
github.com/btcsuite/goleveldb v1.0.0/go.mod h1:QiK9vBlgftBg6rWQIj6wFzbPfRjiykIEhBH4obrXJ/I=
github.com/btcsuite/snappy-go v1.0.0 h1:ZxaA6lo2EpxGddsA8JwWOcxlzRybb444sgmeJQMJGQE=
github.com/btcsuite/snappy-go v1.0.0/go.mod h1:8woku9dyThutzjeg+3xrA5iCpBRH8XEEg3lh6TiUghc=
github.com/davecgh/go-spew v1.1.0 h1:ZDRjVQ15GmhC3fiQ8ni8+OwkZQO4DARzQgrnXU1Liz8=
github.com/davecgh/go-spew v1.1.0/go.mod h1:J7Y8YcW2NihsgmVo/mv3lAwl/skON4iLHjSsI+c5H38=
github.com/davecgh/go-spew v1.1.1 h1:vj9j/u1bqnvCEfJOwUhtlOARqs3+rkHYY13jYWTU97c=
github.com/davecgh/go-spew v1.1.1/go.mod h1:J7Y8YcW2NihsgmVo/mv3lAwl/skON4iLHjSsI+c5H38=
github.com/dchest/blake256 v1.0.0 h1:6gUgI5MHdz9g0TdrgKqXsoDX+Zjxmm1Sc6OsoGru50I=
github.com/dchest/blake256 v1.0.0/go.mod h1:xXNWCE1jsAP8DAjP+rKw2MbeqLczjI3TRx2VK+9OEYY=
github.com/dchest/siphash v1.2.0 h1:YWOShuhvg0GqbQpMa60QlCGtEyf7O7HC1Jf0VjdQ60M=
github.com/dchest/siphash v1.2.0/go.mod h1:q+IRvb2gOSrUnYoPqHiyHXS0FOBBOdl6tONBlVnOnt4=
github.com/dchest/siphash v1.2.1 h1:4cLinnzVJDKxTCl9B01807Yiy+W7ZzVHj/KIroQRvT4=
github.com/dchest/siphash v1.2.1/go.mod h1:q+IRvb2gOSrUnYoPqHiyHXS0FOBBOdl6tONBlVnOnt4=
github.com/decred/base58 v1.0.0 h1:BVi1FQCThIjZ0ehG+I99NJ51o0xcc9A/fDKhmJxY6+w=
github.com/decred/base58 v1.0.0/go.mod h1:LLY1p5e3g91byL/UO1eiZaYd+uRoVRarybgcoymu9Ks=
github.com/decred/base58 v1.0.1 h1:w5qTcb0hYpKuIBYIn4Ckirkj1aOWrSq8onPQpb3eGg8=
github.com/decred/base58 v1.0.1/go.mod h1:H2ENcsJjye1G7CbRa67kV9OFaui0LGr56ntKKoY5g9c=
github.com/decred/dcrd/addrmgr v1.0.2 h1:BfJoFEkdDDhaQSsx9NkVOTiOTUbEevbVf+aYRQSIAmU=
github.com/decred/dcrd/addrmgr v1.0.2/go.mod h1:gNnmTuf/Xkg8ZX3j5GXbajzPrSdf5bA7HitO2bjmq0Q=
github.com/decred/dcrd/blockchain/stake v1.0.1 h1:IYGsNZRyMUsoFtVAUjd7XIccrIQ4YIqDeNzQJCjyS8A=
github.com/decred/dcrd/blockchain/stake v1.0.1 h1:IYGsNZRyMUsoFtVAUjd7XIccrIQ4YIqDeNzQJCjyS8A=
github.com/decred/dcrd/blockchain/stake v1.0.1/go.mod h1:hgoGmWMIu2LLApBbcguVpzCEEfX7M2YhuMrQdpohJzc=
github.com/decred/dcrd/blockchain/stake v1.0.1/go.mod h1:hgoGmWMIu2LLApBbcguVpzCEEfX7M2YhuMrQdpohJzc=
github.com/decred/dcrd/blockchain/stake/v2 v2.0.0 h1:+FMrSt5tPicBKlev0k/r/2VsaVwpIUcm1TPw69XgZw0=
github.com/decred/dcrd/blockchain/stake/v2 v2.0.0/go.mod h1:jv/rKMcZ87lhvVkHot/tElxeAYEUJ3mnKPHJ7WPq86U=
github.com/decred/dcrd/blockchain/stake/v2 v2.0.2 h1:tRrJTywABGsUpf6qrTrtdIOKXyZflA51b0sqWf7p5gk=
github.com/decred/dcrd/blockchain/stake/v2 v2.0.2/go.mod h1:o2TT/l/YFdrt15waUdlZ3g90zfSwlA0WgQqHV9UGJF4=
github.com/decred/dcrd/blockchain/standalone v1.1.0 h1:yclvVGEY09Gf8A4GSAo+NCtL1dW2TYJ4OKp4+g0ICI0=
github.com/decred/dcrd/blockchain/standalone v1.1.0/go.mod h1:6K8ZgzlWM1Kz2TwXbrtiAvfvIwfAmlzrtpA7CVPCUPE=
github.com/decred/dcrd/blockchain/v2 v2.1.0 h1:IOzw2ckSabvmnLrhYJLUH9bD9x7wScqlJ5jY3ke5/Us=
github.com/decred/dcrd/blockchain/v2 v2.1.0/go.mod h1:DBmX26fUDTQocIozF44Ydo5+m+QzaC6aMYMBFFsCOJs=
github.com/decred/dcrd/chaincfg v1.1.1 h1:qRZkiA7ucsfsQPE/G/U1OnEUFozDl1MvM4ysJCUndLU=
github.com/decred/dcrd/chaincfg v1.1.1/go.mod h1:UlGtnp8Xx9YK+etBTybGjoFGoGXSw2bxZQuAnwfKv6I=
github.com/decred/dcrd/chaincfg v1.5.1 h1:u1Xbq0VTnAXIHW5ECqrWe0VYSgf5vWHqpSiwoLBzxAQ=
github.com/decred/dcrd/chaincfg v1.5.1/go.mod h1:FukMzTjkwzjPU+hK7CqDMQe3NMbSZAYU5PAcsx1wlv0=
github.com/decred/dcrd/chaincfg/chainhash v1.0.1 h1:0vG7U9+dSjSCaHQKdoSKURK2pOb47+b+8FK5q4+Je7M=
github.com/decred/dcrd/chaincfg/chainhash v1.0.1/go.mod h1:OVfvaOsNLS/A1y4Eod0Ip/Lf8qga7VXCQjUQLbkY0Go=
github.com/decred/dcrd/chaincfg/chainhash v1.0.2 h1:rt5Vlq/jM3ZawwiacWjPa+smINyLRN07EO0cNBV6DGU=
github.com/decred/dcrd/chaincfg/chainhash v1.0.2/go.mod h1:BpbrGgrPTr3YJYRN3Bm+D9NuaFd+zGyNeIKgrhCXK60=
github.com/decred/dcrd/chaincfg/v2 v2.0.2 h1:VeGY52lHuYT01tIGbvYj+OO0GaGxGaJmnh+4vGca1+U=
github.com/decred/dcrd/chaincfg/v2 v2.0.2/go.mod h1:hpKvhLCDAD/xDZ3V1Pqpv9fIKVYYi11DyxETguazyvg=
github.com/decred/dcrd/chaincfg/v2 v2.1.0 h1:2S7TL9YWnKDDiH5bTpp3xcBo+1gl1IXFi5KU4QwSIDk=
github.com/decred/dcrd/chaincfg/v2 v2.1.0/go.mod h1:hpKvhLCDAD/xDZ3V1Pqpv9fIKVYYi11DyxETguazyvg=
github.com/decred/dcrd/chaincfg/v2 v2.3.0 h1:ItmU+7DeUtyiabrcW+16MJFgY/BBeeYaPfkBLrFLyjo=
github.com/decred/dcrd/chaincfg/v2 v2.3.0/go.mod h1:7qUJTvn+y/kswSRZ4sT2+EmvlDTDyy2InvNFtX/hxk0=
github.com/decred/dcrd/connmgr/v2 v2.0.0 h1:GjDy9KD5m8uBs34yDXriwj4dvf5VLo/JeiPkUHwFg0k=
github.com/decred/dcrd/connmgr/v2 v2.0.0/go.mod h1:HJ2q+m7DaMlNmQlY3WtbV3zETZfo4dfAi78z0ILLdqA=
github.com/decred/dcrd/crypto/blake256 v1.0.0 h1:/8DMNYp9SGi5f0w7uCm6d6M4OU2rGFK09Y2A4Xv7EE0=
github.com/decred/dcrd/crypto/blake256 v1.0.0/go.mod h1:sQl2p6Y26YV+ZOcSTP6thNdn47hh8kt6rqSlvmrXFAc=
github.com/decred/dcrd/crypto/ripemd160 v1.0.0 h1:MciTnR4NfBqDFRFjFkrn8WPLP4Vo7t6ww6ghfn6wcXQ=
github.com/decred/dcrd/crypto/ripemd160 v1.0.0/go.mod h1:F0H8cjIuWTRoixr/LM3REB8obcWkmYx0gbxpQWR8RPg=
github.com/decred/dcrd/database v1.0.1 h1:BSIerNf4RhSA0iDhiE/320RYqD2y9T+SCj99Pv7svgo=
github.com/decred/dcrd/database v1.0.1/go.mod h1:ILCeyOHFew3fZ7K2B9jl+tp5qFOap/pEGoo6Yy6Wk0g=
github.com/decred/dcrd/database/v2 v2.0.0 h1:KWiyZHk+QyNKQvvxm/KpIejhTqYJqH9ssz1+9sT9nVA=
github.com/decred/dcrd/database/v2 v2.0.0/go.mod h1:Sj2lvTRB0mfSu9uD7ObfwCY/eJ954GFU/X+AndJIyfE=
github.com/decred/dcrd/database/v2 v2.0.1 h1:ghLzkKpVpwvjrdRv3njrEfkvygQpYQX66sGVs8ha+E8=
github.com/decred/dcrd/database/v2 v2.0.1/go.mod h1:ZOaWTv3IlNqCA+y7q3q5EozgmiDOmNwCSq3ntZn2CDo=
github.com/decred/dcrd/dcrec v0.0.0-20180721005212-59fe2b293f69/go.mod h1:cRAH1SNk8Mi9hKBc/DHbeiWz/fyO8KWZR3H7okrIuOA=
github.com/decred/dcrd/dcrec v0.0.0-20180721031028-5369a485acf6/go.mod h1:cRAH1SNk8Mi9hKBc/DHbeiWz/fyO8KWZR3H7okrIuOA=
github.com/decred/dcrd/dcrec v0.0.0-20180801202239-0761de129164 h1:N5s3yVfjBNW6XNG3gLxYpvt0IUjUsp/FRfC75QpSI+E=
github.com/decred/dcrd/dcrec v0.0.0-20180801202239-0761de129164/go.mod h1:cRAH1SNk8Mi9hKBc/DHbeiWz/fyO8KWZR3H7okrIuOA=
github.com/decred/dcrd/dcrec v1.0.0 h1:W+z6Es+Rai3MXYVoPAxYr5U1DGis0Co33scJ6uH2J6o=
github.com/decred/dcrd/dcrec v1.0.0/go.mod h1:HIaqbEJQ+PDzQcORxnqen5/V1FR3B4VpIfmePklt8Q8=
github.com/decred/dcrd/dcrec/edwards v0.0.0-20180721005212-59fe2b293f69/go.mod h1:+ehP0Hk/mesyZXttxCtBbhPX23BMpZJ1pcVBqUfbmvU=
github.com/decred/dcrd/dcrec/edwards v0.0.0-20180721031028-5369a485acf6 h1:1T33paUnhZTyLN60k5DSy4CH9uTN4vQ9TdSyu4O1ox8=
github.com/decred/dcrd/dcrec/edwards v0.0.0-20180721031028-5369a485acf6/go.mod h1:+ehP0Hk/mesyZXttxCtBbhPX23BMpZJ1pcVBqUfbmvU=
github.com/decred/dcrd/dcrec/edwards v1.0.0 h1:UDcPNzclKiJlWqV3x1Fl8xMCJrolo4PB4X9t8LwKDWU=
github.com/decred/dcrd/dcrec/edwards v1.0.0/go.mod h1:HblVh1OfMt7xSxUL1ufjToaEvpbjpWvvTAUx4yem8BI=
github.com/decred/dcrd/dcrec/edwards/v2 v2.0.0 h1:E5KszxGgpjpmW8vN811G6rBAZg0/S/DftdGqN4FW5x4=
github.com/decred/dcrd/dcrec/edwards/v2 v2.0.0/go.mod h1:d0H8xGMWbiIQP7gN3v2rByWUcuZPm9YsgmnfoxgbINc=
github.com/decred/dcrd/dcrec/secp256k1 v1.0.0 h1:Le54WTGdTQv7XYXpS31uhFE8LZE7ypwsIL+FgDP2x5Q=
github.com/decred/dcrd/dcrec/secp256k1 v1.0.0/go.mod h1:JPMFscGlgXTV684jxQNDijae2qrh0fLG7pJBimaYotE=
github.com/decred/dcrd/dcrec/secp256k1 v1.0.1 h1:EFWVd1p0t0Y5tnsm/dJujgV0ORogRJ6vo7CMAjLseAc=
github.com/decred/dcrd/dcrec/secp256k1 v1.0.1/go.mod h1:lhu4eZFSfTJWUnR3CFRcpD+Vta0KUAqnhTsTksHXgy0=
github.com/decred/dcrd/dcrec/secp256k1 v1.0.2 h1:awk7sYJ4pGWmtkiGHFfctztJjHMKGLV8jctGQhAbKe0=
github.com/decred/dcrd/dcrec/secp256k1 v1.0.2/go.mod h1:CHTUIVfmDDd0KFVFpNX1pFVCBUegxW387nN0IGwNKR0=
github.com/decred/dcrd/dcrec/secp256k1 v1.0.3 h1:u4XpHqlscRolxPxt2YHrFBDVZYY1AK+KMV02H1r+HmU=
github.com/decred/dcrd/dcrec/secp256k1 v1.0.3/go.mod h1:eCL8H4MYYjRvsw2TuANvEOcVMFbmi9rt/6hJUWU5wlU=
github.com/decred/dcrd/dcrec/secp256k1/v2 v2.0.0 h1:3GIJYXQDAKpLEFriGFN8SbSffak10UXHGdIcFaMPykY=
github.com/decred/dcrd/dcrec/secp256k1/v2 v2.0.0/go.mod h1:3s92l0paYkZoIHuj4X93Teg/HB7eGM9x/zokGw+u4mY=
github.com/decred/dcrd/dcrjson/v3 v3.0.1 h1:b9cpplNJG+nutE2jS8K/BtSGIJihEQHhFjFAsvJF/iI=
github.com/decred/dcrd/dcrjson/v3 v3.0.1/go.mod h1:fnTHev/ABGp8IxFudDhjGi9ghLiXRff1qZz/wvq12Mg=
github.com/decred/dcrd/dcrutil v1.1.1 h1:zOkGiumN/JkobhAgpG/zfFgUoolGKVGYT5na1hbYUoE=
github.com/decred/dcrd/dcrutil v1.1.1/go.mod h1:Jsttr0pEvzPAw+qay1kS1/PsbZYPyhluiNwwY6yBJS4=
github.com/decred/dcrd/dcrutil/v2 v2.0.0 h1:HTqn2tZ8eqBF4y3hJwjyKBmJt16y7/HjzpE82E/crhY=
github.com/decred/dcrd/dcrutil/v2 v2.0.0/go.mod h1:gUshVAXpd51DlcEhr51QfWL2HJGkMDM1U8chY+9VvQg=
github.com/decred/dcrd/dcrutil/v2 v2.0.1 h1:aL+c7o7Q66HV1gIif+XkNYo9DeorN3l01Vns8mh0mqs=
github.com/decred/dcrd/dcrutil/v2 v2.0.1/go.mod h1:JdEgF6eh0TTohPeiqDxqDSikTSvAczq0J7tFMyyeD+k=
github.com/decred/dcrd/gcs v1.0.2 h1:wZjxeC9WPBoRApaAQpBrzvN9NA0iS2KWrTJa9IiDgc8=
github.com/decred/dcrd/gcs v1.0.2/go.mod h1:eLCvrzUsWro48TlTyrmFcZAZqnllYFz0vEv5VZtufF4=
github.com/decred/dcrd/gcs v1.1.0 h1:djuYzaFUzUTJR+6ulMSRZOQ+P9rxtIyuxQeViAEfB8s=
github.com/decred/dcrd/gcs v1.1.0/go.mod h1:yBjhj217Vw5lw3aKnCdHip7fYb9zwMos8bCy5s79M9w=
github.com/decred/dcrd/gcs/v2 v2.0.0/go.mod h1:3XjKcrtvB+r2ezhIsyNCLk6dRnXRJVyYmsd1P3SkU3o=
github.com/decred/dcrd/hdkeychain/v2 v2.1.0 h1:NVNIz36HPukOnaysBDsLO+2kWqijLM4tvLUsLLyLfME=
github.com/decred/dcrd/hdkeychain/v2 v2.1.0/go.mod h1:DR+lD4uV8G0i3c9qnUJwjiGaaEWK+nSrbWCz1BRHBL8=
github.com/decred/dcrd/rpc/jsonrpc/types v1.0.1 h1:sWsGtWzdmrna6aysDCHwjANTJh+Lxt2xp6S10ahP79Y=
github.com/decred/dcrd/rpc/jsonrpc/types v1.0.1/go.mod h1:dJUp9PoyFYklzmlImpVkVLOr6j4zKuUv66YgemP2sd8=
github.com/decred/dcrd/txscript v1.0.1 h1:IMgxZFCw3AyG4EbKwywE3SDNshOSHsoUK1Wk/5GqWJ0=
github.com/decred/dcrd/txscript v1.0.1/go.mod h1:FqUX07Y+u3cJ1eIGPoyWbJg+Wk1NTllln/TyDpx9KnY=
github.com/decred/dcrd/txscript/v2 v2.0.0 h1:So+NcQY58mDHDN2N2edED5syGZp2ed8Ltxj8mDE5CAs=
github.com/decred/dcrd/txscript/v2 v2.0.0/go.mod h1:WStcyYYJa+PHJB4XjrLDRzV96/Z4thtsu8mZoVrU6C0=
github.com/decred/dcrd/txscript/v2 v2.1.0 h1:IKIpNm0lPmNQoaZ2zxZm1qMwfmLb/XXeahxXlfc+MrA=
github.com/decred/dcrd/txscript/v2 v2.1.0/go.mod h1:XaJAVrZU4NWRx4UEzTiDAs86op1m8GRJLz24SDBKOi0=
github.com/decred/dcrd/wire v1.1.0 h1:G+3CugtxNbToUN8RKWqm74yLfzJJ2BKMOr2RgWc4TyY=
github.com/decred/dcrd/wire v1.1.0/go.mod h1:/JKOsLInOJu6InN+/zH5AyCq3YDIOW/EqcffvU8fJHM=
github.com/decred/dcrd/wire v1.2.0 h1:HqJVB7vcklIguzFWgRXw/WYCQ9cD3bUC5TKj53i1Hng=
github.com/decred/dcrd/wire v1.2.0/go.mod h1:/JKOsLInOJu6InN+/zH5AyCq3YDIOW/EqcffvU8fJHM=
github.com/decred/dcrd/wire v1.3.0 h1:X76I2/a8esUmxXmFpJpAvXEi014IA4twgwcOBeIS8lE=
github.com/decred/dcrd/wire v1.3.0/go.mod h1:fnKGlUY2IBuqnpxx5dYRU5Oiq392OBqAuVjRVSkIoXM=
github.com/decred/dcrwallet/deployments/v2 v2.0.0 h1:sSjkc87hcDFGoLMTIwNt5ze+rCHbholqyM8Z3H9k5CE=
github.com/decred/dcrwallet/deployments/v2 v2.0.0/go.mod h1:fY1HV1vIeeY5bHjrMknUhB/ZOVIfthBiUlSgRqFFKrg=
github.com/decred/dcrwallet/errors/v2 v2.0.0 h1:b3QHoQNjKkrcO0GSpueeHvFKp5eqtRv9aw649MDyejA=
github.com/decred/dcrwallet/errors/v2 v2.0.0/go.mod h1:2HYvtRuCE9XqDNCWhKmBuzLG364xUgcUIsJu02r0F5Q=
github.com/decred/dcrwallet/lru v1.0.0 h1:vz71/Wa2890CUQeWsOTI6u6iGGfXGAhIQ/hnqMUh6Xc=
github.com/decred/dcrwallet/lru v1.0.0/go.mod h1:jEty7mdT5VaaV06DEV2Avv0R3HpGvUwvDW4lw8ECtiY=
github.com/decred/dcrwallet/p2p/v2 v2.0.0 h1:YFnzIhJITUmFcTU1PzuJ0Wenz/1s8ijDtu0LtpIo4z4=
github.com/decred/dcrwallet/p2p/v2 v2.0.0/go.mod h1:5/sskXRO69fGsuBcCekirXZCC/cZ5MwjNmj/wEPoLe0=
github.com/decred/dcrwallet/rpc/client/dcrd v1.0.0 h1:xRx6XdG3IFWDVL4XMBzy41dz6Gtff/suzQggSR6uKyw=
github.com/decred/dcrwallet/rpc/client/dcrd v1.0.0/go.mod h1:qrJri+p+cn+obQ8nkW5hTtagPcOnCqKPGBq1t02gBc0=
github.com/decred/dcrwallet/rpc/jsonrpc/types v1.3.0 h1:yCxtFqK7X6GvZWQzHXjCwoGCy9YVe3tGEwxCjW5rYQk=
github.com/decred/dcrwallet/rpc/jsonrpc/types v1.3.0/go.mod h1:Xvekb43GtfMiRbyIY4ZJ9Uhd9HRIAcnp46f3q2eIExU=
github.com/decred/dcrwallet/validate v1.1.1 h1:hoHrHaJTQoANN/ZW37HbeTQSJ+N4rMFFLz6LT/FACJQ=
github.com/decred/dcrwallet/validate v1.1.1/go.mod h1:T++tlVcCOh2oSrEq4r5CKCvmftaQdq9uZwO7jSNYZaw=
github.com/decred/dcrwallet/version v1.0.1 h1:gAz1lDkcJ+oAbg0tOn/J0KwZBVWIlhWmHhSUi9GbB2E=
github.com/decred/dcrwallet/version v1.0.1/go.mod h1:rXeMsUaI03WtlQrSol7Q7sJ8HBOB+tZvT7YQRXD5Y7M=
github.com/decred/dcrwallet/wallet/v3 v3.0.0 h1:6izrN1ZF7M7zb54GRb8RTRaO0z2+MjgX/BoJogI0SPw=
github.com/decred/dcrwallet/wallet/v3 v3.0.0/go.mod h1:4aUyeRVmnT+3jPXMJrfUFppguKjKueZi1q978eYdGfs=
github.com/decred/slog v1.0.0 h1:Dl+W8O6/JH6n2xIFN2p3DNjCmjYwvrXsjlSJTQQ4MhE=
github.com/decred/slog v1.0.0/go.mod h1:zR98rEZHSnbZ4WHZtO0iqmSZjDLKhkXfrPTZQKtAonQ=
github.com/fsnotify/fsnotify v1.4.7 h1:IXs+QLmnXW2CcXuY+8Mzv/fWEsPGWxqefPtCP5CnV9I=
github.com/fsnotify/fsnotify v1.4.7/go.mod h1:jwhsz4b93w/PPRr/qN1Yymfu8t87LnFCMoQvtojpjFo=
github.com/golang/protobuf v1.2.0 h1:P3YflyNX/ehuJFLhxviNdFxQPkGK5cDcApsge1SqnvM=
github.com/golang/protobuf v1.2.0/go.mod h1:6lQm79b+lXiMfvg/cZm0SGofjICqVBUtrP5yJMmIC1U=
github.com/golang/protobuf v1.3.2 h1:6nsPYzhq5kReh6QImI3k5qWzO4PEbvbIW2cwSfR/6xs=
github.com/golang/protobuf v1.3.2/go.mod h1:6lQm79b+lXiMfvg/cZm0SGofjICqVBUtrP5yJMmIC1U=
github.com/gorilla/websocket v1.4.0 h1:WDFjx/TMzVgy9VdMMQi2K2Emtwi2QcUQsztZ/zLaH/Q=
github.com/gorilla/websocket v1.4.0/go.mod h1:E7qHFY5m1UJ88s3WnNqhKjPHQ0heANvMoAMk2YaljkQ=
github.com/hpcloud/tail v1.0.0 h1:nfCOvKYfkgYP8hkirhJocXT2+zOD8yUNjXaWfTlyFKI=
github.com/hpcloud/tail v1.0.0/go.mod h1:ab1qPbhIpdTxEkNHXyeSf5vhxWSCs/tWer42PpOxQnU=
github.com/jessevdk/go-flags v1.4.0/go.mod h1:4FA24M0QyGHXBuZZK/XkWh8h0e1EYbRYJSGM75WSRxI=
github.com/jrick/bitset v1.0.0 h1:Ws0PXV3PwXqWK2n7Vz6idCdrV/9OrBXgHEJi27ZB9Dw=
github.com/jrick/bitset v1.0.0/go.mod h1:ZOYB5Uvkla7wIEY4FEssPVi3IQXa02arznRaYaAEPe4=
github.com/jrick/wsrpc/v2 v2.0.0 h1:f0ACoYeSG0fUNpA42gPpDdZ/xzYLUxZjT1F4L+HLTgY=
github.com/jrick/wsrpc/v2 v2.0.0/go.mod h1:naH/fojac6vQWYgAA0e7b9TX/bShsWoVL7CwrdvFmUk=
github.com/kr/pretty v0.1.0 h1:L/CwN0zerZDmRFUapSPitk6f+Q3+0za1rQkzVuMiMFI=
github.com/kr/pretty v0.1.0/go.mod h1:dAy3ld7l9f0ibDNOQOHHMYYIIbhfbHSm3C4ZsoJORNo=
github.com/kr/pty v1.1.1/go.mod h1:pFQYn66WHrOpPYNljwOMqo10TkYh1fy3cYio2l3bCsQ=
github.com/kr/text v0.1.0 h1:45sCR5RtlFHMR4UwH9sdQ5TC8v0qDQCHnXt+kaKSTVE=
github.com/kr/text v0.1.0/go.mod h1:4Jbv+DJW3UT/LiOwJeYQe1efqtUx/iVham/4vfdArNI=
github.com/onsi/ginkgo v1.6.0 h1:Ix8l273rp3QzYgXSR+c8d1fTG7UPgYkOSELPhiY/YGw=
github.com/onsi/ginkgo v1.6.0/go.mod h1:lLunBs/Ym6LB5Z9jYTR76FiuTmxDTDusOGeTQH+WWjE=
github.com/onsi/ginkgo v1.7.0 h1:WSHQ+IS43OoUrWtD1/bbclrwK8TTH5hzp+umCiuxHgs=
github.com/onsi/ginkgo v1.7.0/go.mod h1:lLunBs/Ym6LB5Z9jYTR76FiuTmxDTDusOGeTQH+WWjE=
github.com/onsi/gomega v1.4.1 h1:PZSj/UFNaVp3KxrzHOcS7oyuWA7LoOY/77yCTEFu21U=
github.com/onsi/gomega v1.4.1/go.mod h1:C1qb7wdrVGGVU+Z6iS04AVkA3Q65CEZX59MT0QO5uiA=
github.com/onsi/gomega v1.4.3 h1:RE1xgDvH7imwFD45h+u2SgIfERHlS2yNG4DObb5BSKU=
github.com/onsi/gomega v1.4.3/go.mod h1:ex+gbHU/CVuBBDIJjb2X0qEXbFg53c61hWP/1CpauHY=
go.etcd.io/bbolt v1.3.3 h1:MUGmc65QhB3pIlaQ5bB4LwqSj6GIonVJXpZiaKNyaKk=
go.etcd.io/bbolt v1.3.3/go.mod h1:IbVyRI1SCnLcuJnV2u8VeU0CEYM7e686BmAb1XKL+uU=
golang.org/x/crypto v0.0.0-20180718160520-a2144134853f h1:lRy+hhwk7YT7MsKejxuz0C5Q1gk6p/QoPQYEmKmGFb8=
golang.org/x/crypto v0.0.0-20180718160520-a2144134853f/go.mod h1:6SG95UA2DQfeDnfUPMdvaQW0Q7yPrPDi9nlGo2tz2b4=
golang.org/x/crypto v0.0.0-20190308221718-c2843e01d9a2/go.mod h1:djNgcEr1/C05ACkg1iLfiJU5Ep61QUkGW8qpdssI0+w=
golang.org/x/crypto v0.0.0-20190611184440-5c40567a22f8 h1:1wopBVtVdWnn03fZelqdXTqk7U7zPQCb+T4rbU9ZEoU=
golang.org/x/crypto v0.0.0-20190611184440-5c40567a22f8/go.mod h1:yigFU9vqHzYiE8UmvKecakEJjdnWj3jj499lnFckfCI=
golang.org/x/crypto v0.0.0-20190820162420-60c769a6c586 h1:7KByu05hhLed2MO29w7p1XfZvZ13m8mub3shuVftRs0=
golang.org/x/crypto v0.0.0-20190820162420-60c769a6c586/go.mod h1:yigFU9vqHzYiE8UmvKecakEJjdnWj3jj499lnFckfCI=
golang.org/x/net v0.0.0-20180719180050-a680a1efc54d h1:i6RB+Qz1ug7TvJdY4zieRMpnLAtkHSHTOvApNXfLT4A=
golang.org/x/net v0.0.0-20180719180050-a680a1efc54d/go.mod h1:mL1N/T3taQHkDXs73rZJwtUhF3w3ftmwwsq0BUmARs4=
golang.org/x/net v0.0.0-20180808004115-f9ce57c11b24 h1:mEsFm194MmS9vCwxFy+zwu0EU7ZkxxMD1iH++vmGdUY=
golang.org/x/net v0.0.0-20180808004115-f9ce57c11b24/go.mod h1:mL1N/T3taQHkDXs73rZJwtUhF3w3ftmwwsq0BUmARs4=
golang.org/x/net v0.0.0-20180906233101-161cd47e91fd/go.mod h1:mL1N/T3taQHkDXs73rZJwtUhF3w3ftmwwsq0BUmARs4=
golang.org/x/net v0.0.0-20190404232315-eb5bcb51f2a3 h1:0GoQqolDA55aaLxZyTzK/Y2ePZzZTUrRacwib7cNsYQ=
golang.org/x/net v0.0.0-20190404232315-eb5bcb51f2a3/go.mod h1:t9HGtf8HONx5eT2rtn7q6eTqICYqUVnKs3thJo3Qplg=
golang.org/x/net v0.0.0-20190813141303-74dc4d7220e7 h1:fHDIZ2oxGnUZRN6WgWFCbYBjH9uqVPRCUVUDhs0wnbA=
golang.org/x/net v0.0.0-20190813141303-74dc4d7220e7/go.mod h1:z5CRVTTTmAJ677TzLLGU+0bjPO0LkuOLi4/5GtJWs/s=
golang.org/x/sync v0.0.0-20180314180146-1d60e4601c6f h1:wMNYb4v58l5UBM7MYRLPG6ZhfOqbKu7X5eyFl8ZhKvA=
golang.org/x/sync v0.0.0-20180314180146-1d60e4601c6f/go.mod h1:RxMgew5VJxzue5/jJTE5uejpjVlOe/izrB70Jof72aM=
golang.org/x/sync v0.0.0-20181108010431-42b317875d0f h1:Bl/8QSvNqXvPGPGXa2z5xUTmV7VDcZyvRZ+QQXkXTZQ=
golang.org/x/sync v0.0.0-20181108010431-42b317875d0f/go.mod h1:RxMgew5VJxzue5/jJTE5uejpjVlOe/izrB70Jof72aM=
golang.org/x/sync v0.0.0-20190423024810-112230192c58 h1:8gQV6CLnAEikrhgkHFbMAEhagSSnXWGV915qUMm9mrU=
golang.org/x/sync v0.0.0-20190423024810-112230192c58/go.mod h1:RxMgew5VJxzue5/jJTE5uejpjVlOe/izrB70Jof72aM=
golang.org/x/sys v0.0.0-20180909124046-d0be0721c37e/go.mod h1:STP8DvDyc/dI5b8T5hshtkjS+E42TnysNCUPdjciGhY=
golang.org/x/sys v0.0.0-20181212120007-b05ddf57801d h1:G59MrP9Qg6bymPjN3yGmqnmuCEH1h0eFP8zpRpl1RiU=
golang.org/x/sys v0.0.0-20181212120007-b05ddf57801d/go.mod h1:STP8DvDyc/dI5b8T5hshtkjS+E42TnysNCUPdjciGhY=
golang.org/x/sys v0.0.0-20190215142949-d0b11bdaac8a/go.mod h1:STP8DvDyc/dI5b8T5hshtkjS+E42TnysNCUPdjciGhY=
golang.org/x/sys v0.0.0-20190412213103-97732733099d h1:+R4KGOnez64A81RvjARKc4UT5/tI9ujCIVX+P5KiHuI=
golang.org/x/sys v0.0.0-20190412213103-97732733099d/go.mod h1:h1NjWce9XRLGQEsW7wpKNCjG9DtNlClVuFLEZdDNbEs=
golang.org/x/sys v0.0.0-20190813064441-fde4db37ae7a h1:aYOabOQFp6Vj6W1F80affTUvO9UxmJRx8K0gsfABByQ=
golang.org/x/sys v0.0.0-20190813064441-fde4db37ae7a/go.mod h1:h1NjWce9XRLGQEsW7wpKNCjG9DtNlClVuFLEZdDNbEs=
golang.org/x/sys v0.0.0-20191010194322-b09406accb47 h1:/XfQ9z7ib8eEJX2hdgFTZJ/ntt0swNk5oYBziWeTCvY=
golang.org/x/sys v0.0.0-20191010194322-b09406accb47/go.mod h1:h1NjWce9XRLGQEsW7wpKNCjG9DtNlClVuFLEZdDNbEs=
golang.org/x/text v0.3.0 h1:g61tztE5qeGQ89tm6NTjjM9VPIm088od1l6aSorWRWg=
golang.org/x/text v0.3.0/go.mod h1:NqM8EUOU14njkJ3fqMW+pc6Ldnwhi/IjpwHt7yyuwOQ=
golang.org/x/text v0.3.2 h1:tW2bmiBqwgJj/UpqtC8EpXEZVYOwU0yG4iWbprSVAcs=
golang.org/x/text v0.3.2/go.mod h1:bEr9sfX3Q8Zfm5fL9x+3itogRgK3+ptLWKqgva+5dAk=
golang.org/x/tools v0.0.0-20180917221912-90fa682c2a6e/go.mod h1:n7NCudcB/nEzxVGmLbDWY5pfWTLqBcC2KZ6jyYvM4mQ=
golang.org/x/xerrors v0.0.0-20190717185122-a985d3407aa7 h1:9zdDQZ7Thm29KFXgAX/+yaf3eVbP7djjWp/dXAppNCc=
golang.org/x/xerrors v0.0.0-20190717185122-a985d3407aa7/go.mod h1:I/5z698sn9Ka8TeJc9MKroUUfqBBauWjQqLJ2OPfmY0=
gopkg.in/check.v1 v0.0.0-20161208181325-20d25e280405 h1:yhCVgyC4o1eVCa2tZl7eS0r+SDo693bJlVdllGtEeKM=
gopkg.in/check.v1 v0.0.0-20161208181325-20d25e280405/go.mod h1:Co6ibVJAznAaIkqp8huTwlJQCZ016jof/cbN4VW5Yz0=
gopkg.in/check.v1 v1.0.0-20180628173108-788fd7840127 h1:qIbj1fsPNlZgppZ+VLlY7N33q108Sa+fhmuc+sWQYwY=
gopkg.in/check.v1 v1.0.0-20180628173108-788fd7840127/go.mod h1:Co6ibVJAznAaIkqp8huTwlJQCZ016jof/cbN4VW5Yz0=
gopkg.in/fsnotify.v1 v1.4.7 h1:xOHLXZwVvI9hhs+cLKq5+I5onOuwQLhQwiu63xxlHs4=
gopkg.in/fsnotify.v1 v1.4.7/go.mod h1:Tz8NjZHkW78fSQdbUxIjBTcgA1z1m8ZHf0WmKUhAMys=
gopkg.in/tomb.v1 v1.0.0-20141024135613-dd632973f1e7 h1:uRGJdciOHaEIrze2W8Q3AKkepLTh2hOroT7a+7czfdQ=
gopkg.in/tomb.v1 v1.0.0-20141024135613-dd632973f1e7/go.mod h1:dt/ZhP58zS4L8KSrWDmTeBkI65Dw0HsyUHuEVlX15mw=
gopkg.in/yaml.v2 v2.2.1 h1:mUhvW9EsL+naU5Q3cakzfE91YhliOondGd6ZrsDBHQE=
gopkg.in/yaml.v2 v2.2.1/go.mod h1:hI93XBmqTisBFMUTm0b8Fm+jr3Dg1NNxqwp+5A1VGuI=
gopkg.in/yaml.v2 v2.2.2 h1:ZCJp+EgiOT7lHqUV2J862kp8Qj64Jo6az82+3Td9dZw=
gopkg.in/yaml.v2 v2.2.2/go.mod h1:hI93XBmqTisBFMUTm0b8Fm+jr3Dg1NNxqwp+5A1VGuI=
