hash: ed840e2cd19df32e8d5dc89987cdea36401f5e159926adc14727ec5f6f5b7bb3
updated: 2017-06-06T14:14:56.2757171-04:00
imports:
- name: github.com/agl/ed25519
  version: 278e1ec8e8a6e017cd07577924d6766039146ced
  subpackages:
  - edwards25519
- name: github.com/boltdb/bolt
  version: 583e8937c61f1af6513608ccc75c97b6abdf4ff9
- name: github.com/btcsuite/btclog
  version: 1dfb68239632ee8c667290e30b31cf294bc3d6ae
- name: github.com/btcsuite/go-socks
  version: 4720035b7bfd2a9bb130b1c184f8bbe41b6f0d0f
  subpackages:
  - socks
- name: github.com/btcsuite/seelog
  version: 313961b101eb55f65ae0f03ddd4e322731763b6c
- name: github.com/btcsuite/websocket
  version: 31079b6807923eb23992c421b114992b95131b55
- name: github.com/decred/bitset
  version: 484b833245d5f9046e2893a6bd2e54b1df3a53a4
- name: github.com/decred/blake256
  version: a840e32d7c31fe2e0218607334cb120a683951a4
- name: github.com/decred/dcrd
  version: 72a40b78f51fce5bc42d4ced916a72eac1442180
  subpackages:
  - blockchain
  - blockchain/internal/dbnamespace
  - blockchain/internal/progresslog
  - blockchain/stake
  - blockchain/stake/internal/dbnamespace
  - blockchain/stake/internal/ticketdb
  - blockchain/stake/internal/tickettreap
  - chaincfg
  - chaincfg/chainec
  - chaincfg/chainhash
  - database
  - dcrec/edwards
  - dcrec/secp256k1
  - dcrec/secp256k1/schnorr
  - dcrjson
  - txscript
  - wire
- name: github.com/decred/dcrrpcclient
  version: a09b3b388c715e25067ab6fc515a65fa2430ec72
- name: github.com/decred/dcrutil
  version: a5fab53cab39b793142c8453caa4c6f83bc152d4
  subpackages:
  - base58
  - hdkeychain
- name: github.com/golang/protobuf
  version: fec3b39b059c0f88fa6b20f5ed012b1aa203a8b4
  subpackages:
  - proto
  - ptypes/any
- name: github.com/jessevdk/go-flags
  version: 48cf8722c3375517aba351d1f7577c40663a4407
- name: golang.org/x/crypto
  version: 0fe963104e9d1877082f8fb38f816fcd97eb1d10
  subpackages:
  - nacl/secretbox
  - pbkdf2
  - poly1305
  - ripemd160
  - salsa20/salsa
  - scrypt
  - ssh/terminal
- name: golang.org/x/net
  version: 513929065c19401a1c7b76ecd942f9f86a0c061b
  subpackages:
  - context
  - http2
  - http2/hpack
  - idna
  - internal/timeseries
  - lex/httplex
  - trace
- name: golang.org/x/sys
  version: 98b5b1e7e80eb60271c8dc4eba6521ec2c3e811e
  subpackages:
  - unix
- name: golang.org/x/text
  version: 19e51611da83d6be54ddafce4a4af510cb3e9ea4
  subpackages:
  - secure/bidirule
  - transform
  - unicode/bidi
  - unicode/norm
- name: google.golang.org/genproto
  version: 411e09b969b1170a9f0c467558eb4c4c110d9c77
  subpackages:
  - googleapis/rpc/status
- name: google.golang.org/grpc
  version: d2e1b51f33ff8c5e4a15560ff049d200e83726c5
  subpackages:
  - codes
  - credentials
  - grpclb/grpc_lb_v1
  - grpclog
  - internal
  - keepalive
  - metadata
  - naming
  - peer
  - stats
  - status
  - tap
  - transport
testImports:
- name: github.com/davecgh/go-spew
  version: 346938d642f2ec3594ed81d874461961cd0faa76
  subpackages:
  - spew
- name: github.com/pmezard/go-difflib
  version: 792786c7400a136282c1664665ae0a8db921c6c2
  subpackages:
  - difflib
- name: github.com/stretchr/testify
  version: 4d4bfba8f1d1027c4fdbe371823030df51419987
  subpackages:
  - assert
