# This file is autogenerated, do not edit; changes may be undone by the next 'dep ensure'.


[[projects]]
  branch = "master"
  name = "github.com/aead/siphash"
  packages = ["."]
  revision = "e404fcfc888570cadd1610538e2dbc89f66af814"

[[projects]]
  branch = "master"
  name = "github.com/agl/ed25519"
  packages = [
    ".",
    "edwards25519"
  ]
  revision = "5312a61534124124185d41f09206b9fef1d88403"

[[projects]]
  name = "github.com/boltdb/bolt"
  packages = ["."]
  revision = "2f1ce7a837dcb8da3ec595b1dac9d0632f0f99e8"
  version = "v1.3.1"

[[projects]]
  branch = "master"
  name = "github.com/btcsuite/btclog"
  packages = ["."]
  revision = "84c8d2346e9fc8c7b947e243b9c24e6df9fd206a"

[[projects]]
  branch = "master"
  name = "github.com/btcsuite/go-socks"
  packages = ["socks"]
  revision = "4720035b7bfd2a9bb130b1c184f8bbe41b6f0d0f"

[[projects]]
  branch = "master"
  name = "github.com/btcsuite/websocket"
  packages = ["."]
  revision = "31079b6807923eb23992c421b114992b95131b55"

[[projects]]
  name = "github.com/davecgh/go-spew"
  packages = ["spew"]
  revision = "346938d642f2ec3594ed81d874461961cd0faa76"
  version = "v1.1.0"

[[projects]]
  branch = "master"
  name = "github.com/dchest/blake256"
  packages = ["."]
  revision = "dee3fe6eb0e98dc774a94fc231f85baf7c29d360"

[[projects]]
  branch = "master"
  name = "github.com/decred/base58"
  packages = ["."]
  revision = "b3520e187fa8ebe65eb74245408cf4b83e6a65d3"

[[projects]]
  branch = "master"
  name = "github.com/decred/dcrd"
  packages = [
    "blockchain",
    "blockchain/indexers",
    "blockchain/internal/dbnamespace",
    "blockchain/internal/progresslog",
    "blockchain/stake",
    "blockchain/stake/internal/dbnamespace",
    "blockchain/stake/internal/ticketdb",
    "blockchain/stake/internal/tickettreap",
    "certgen",
    "chaincfg",
    "chaincfg/chainec",
    "chaincfg/chainhash",
    "database",
    "dcrec/edwards",
    "dcrec/secp256k1",
    "dcrec/secp256k1/schnorr",
    "dcrjson",
    "dcrutil",
    "gcs",
    "gcs/blockcf",
    "hdkeychain",
    "mempool",
    "mining",
    "rpcclient",
    "txscript",
    "wire"
  ]
  revision = "2e329c185a95718019b21b5fd4578149c0cd1a67"
  source = "github.com/huyntsgs/dcrd"

[[projects]]
  name = "github.com/golang/protobuf"
  packages = [
    "proto",
    "ptypes",
    "ptypes/any",
    "ptypes/duration",
    "ptypes/timestamp"
  ]
  revision = "b4deda0973fb4c70b50d226b1af49f3da59f5265"
  version = "v1.1.0"

[[projects]]
  name = "github.com/jessevdk/go-flags"
  packages = ["."]
  revision = "96dc06278ce32a0e9d957d590bb987c81ee66407"
  version = "v1.3.0"

[[projects]]
  branch = "master"
  name = "github.com/jrick/bitset"
  packages = ["."]
  revision = "06eae37cdf93c699c0503c23f998167ce841974c"

[[projects]]
  branch = "master"
  name = "github.com/jrick/logrotate"
  packages = ["rotator"]
  revision = "a93b200c26cbae3bb09dd0dc2c7c7fe1468a034a"

[[projects]]
  name = "github.com/pmezard/go-difflib"
  packages = ["difflib"]
  revision = "792786c7400a136282c1664665ae0a8db921c6c2"
  version = "v1.0.0"

[[projects]]
  branch = "master"
  name = "github.com/raedahgroup/dcrtxmatcher"
  packages = ["pkg/api/matcherrpc"]
  revision = "dd8ab3ff1306f6d1bc653bf99c8058e069b51403"
  source = "github.com/huyntsgs/dcrtxmatcher"

[[projects]]
  name = "github.com/stretchr/testify"
  packages = ["assert"]
  revision = "69483b4bd14f5845b5a1e55bca19e954e827f1d0"
  version = "v1.1.4"

[[projects]]
  branch = "master"
  name = "golang.org/x/crypto"
  packages = [
    "nacl/secretbox",
    "pbkdf2",
    "poly1305",
    "ripemd160",
    "salsa20/salsa",
    "scrypt",
    "ssh/terminal"
  ]
  revision = "847319b7fc94cab682988f93da778204da164588"

[[projects]]
  branch = "master"
  name = "golang.org/x/net"
  packages = [
    "context",
    "http2",
    "http2/hpack",
    "idna",
    "internal/timeseries",
    "lex/httplex",
    "trace"
  ]
  revision = "278c6cf336eb9139d63479da09da0cfb40fdc4c8"

[[projects]]
  branch = "master"
  name = "golang.org/x/sync"
  packages = ["errgroup"]
  revision = "f52d1811a62927559de87708c8913c1650ce4f26"

[[projects]]
  branch = "master"
  name = "golang.org/x/sys"
  packages = [
    "unix",
    "windows"
  ]
  revision = "429f518978ab01db8bb6f44b66785088e7fba58b"

[[projects]]
  branch = "master"
  name = "golang.org/x/text"
  packages = [
    "collate",
    "collate/build",
    "internal/colltab",
    "internal/gen",
    "internal/tag",
    "internal/triegen",
    "internal/ucd",
    "language",
    "secure/bidirule",
    "transform",
    "unicode/bidi",
    "unicode/cldr",
    "unicode/norm",
    "unicode/rangetable"
  ]
  revision = "1cbadb444a806fd9430d14ad08967ed91da4fa0a"

[[projects]]
  branch = "master"
  name = "google.golang.org/genproto"
  packages = ["googleapis/rpc/status"]
  revision = "1e559d0a00eef8a9a43151db4665280bd8dd5886"

[[projects]]
  name = "google.golang.org/grpc"
  packages = [
    ".",
    "balancer",
    "balancer/base",
    "balancer/roundrobin",
    "codes",
    "connectivity",
    "credentials",
    "encoding",
    "encoding/proto",
    "grpclb/grpc_lb_v1/messages",
    "grpclog",
    "internal",
    "keepalive",
    "metadata",
    "naming",
    "peer",
    "resolver",
    "resolver/dns",
    "resolver/passthrough",
    "stats",
    "status",
    "tap",
    "transport"
  ]
  revision = "d11072e7ca9811b1100b80ca0269ac831f06d024"
  version = "v1.11.3"

[solve-meta]
  analyzer-name = "dep"
  analyzer-version = 1
  inputs-digest = "8da5ae77ef3f76753a7b33e89bdd184252c412aa3001581f70d30cf1d26381a5"
  solver-name = "gps-cdcl"
  solver-version = 1
