
Microsoft Visual Studio Solution File, Format Version 12.00
# Visual Studio 14
VisualStudioVersion = 14.0.25008.0
MinimumVisualStudioVersion = 10.0.40219.1
Project("{FAE04EC0-301F-11D3-BF4B-00C04F79EFBC}") = "Paymetheus", "Paymetheus\Paymetheus.csproj", "{23FDCF32-22C6-4AC1-89CF-64B79A237CA3}"
EndProject
Project("{FAE04EC0-301F-11D3-BF4B-00C04F79EFBC}") = "Paymetheus.Decred", "Paymetheus.Decred\Paymetheus.Decred.csproj", "{93791F70-6590-4342-9774-64E97B7EF6A4}"
EndProject
Project("{FAE04EC0-301F-11D3-BF4B-00C04F79EFBC}") = "Paymetheus.Rpc", "Paymetheus.Rpc\Paymetheus.Rpc.csproj", "{4BD3B218-0CB0-49D5-8231-B24265EA98B9}"
EndProject
Project("{FAE04EC0-301F-11D3-BF4B-00C04F79EFBC}") = "Paymetheus.Tests.Decred", "Paymetheus.Tests.Decred\Paymetheus.Tests.Decred.csproj", "{2F3EF667-ED59-4079-B979-E58D49047E55}"
	ProjectSection(ProjectDependencies) = postProject
		{93791F70-6590-4342-9774-64E97B7EF6A4} = {93791F70-6590-4342-9774-64E97B7EF6A4}
	EndProjectSection
EndProject
Global
	GlobalSection(SolutionConfigurationPlatforms) = preSolution
		Debug|Any CPU = Debug|Any CPU
		Debug|x64 = Debug|x64
		Debug|x86 = Debug|x86
		Release|Any CPU = Release|Any CPU
		Release|x64 = Release|x64
		Release|x86 = Release|x86
	EndGlobalSection
	GlobalSection(ProjectConfigurationPlatforms) = postSolution
		{23FDCF32-22C6-4AC1-89CF-64B79A237CA3}.Debug|Any CPU.ActiveCfg = Debug|Any CPU
		{23FDCF32-22C6-4AC1-89CF-64B79A237CA3}.Debug|Any CPU.Build.0 = Debug|Any CPU
		{23FDCF32-22C6-4AC1-89CF-64B79A237CA3}.Debug|x64.ActiveCfg = Release|x64
		{23FDCF32-22C6-4AC1-89CF-64B79A237CA3}.Debug|x64.Build.0 = Release|x64
		{23FDCF32-22C6-4AC1-89CF-64B79A237CA3}.Debug|x86.ActiveCfg = Release|x86
		{23FDCF32-22C6-4AC1-89CF-64B79A237CA3}.Debug|x86.Build.0 = Release|x86
		{23FDCF32-22C6-4AC1-89CF-64B79A237CA3}.Release|Any CPU.ActiveCfg = Release|Any CPU
		{23FDCF32-22C6-4AC1-89CF-64B79A237CA3}.Release|Any CPU.Build.0 = Release|Any CPU
		{23FDCF32-22C6-4AC1-89CF-64B79A237CA3}.Release|x64.ActiveCfg = Release|x64
		{23FDCF32-22C6-4AC1-89CF-64B79A237CA3}.Release|x64.Build.0 = Release|x64
		{23FDCF32-22C6-4AC1-89CF-64B79A237CA3}.Release|x86.ActiveCfg = Release|x86
		{23FDCF32-22C6-4AC1-89CF-64B79A237CA3}.Release|x86.Build.0 = Release|x86
		{93791F70-6590-4342-9774-64E97B7EF6A4}.Debug|Any CPU.ActiveCfg = Debug|Any CPU
		{93791F70-6590-4342-9774-64E97B7EF6A4}.Debug|Any CPU.Build.0 = Debug|Any CPU
		{93791F70-6590-4342-9774-64E97B7EF6A4}.Debug|x64.ActiveCfg = Debug|Any CPU
		{93791F70-6590-4342-9774-64E97B7EF6A4}.Debug|x64.Build.0 = Debug|Any CPU
		{93791F70-6590-4342-9774-64E97B7EF6A4}.Debug|x86.ActiveCfg = Debug|Any CPU
		{93791F70-6590-4342-9774-64E97B7EF6A4}.Debug|x86.Build.0 = Debug|Any CPU
		{93791F70-6590-4342-9774-64E97B7EF6A4}.Release|Any CPU.ActiveCfg = Release|Any CPU
		{93791F70-6590-4342-9774-64E97B7EF6A4}.Release|Any CPU.Build.0 = Release|Any CPU
		{93791F70-6590-4342-9774-64E97B7EF6A4}.Release|x64.ActiveCfg = Release|Any CPU
		{93791F70-6590-4342-9774-64E97B7EF6A4}.Release|x64.Build.0 = Release|Any CPU
		{93791F70-6590-4342-9774-64E97B7EF6A4}.Release|x86.ActiveCfg = Release|Any CPU
		{93791F70-6590-4342-9774-64E97B7EF6A4}.Release|x86.Build.0 = Release|Any CPU
		{4BD3B218-0CB0-49D5-8231-B24265EA98B9}.Debug|Any CPU.ActiveCfg = Debug|Any CPU
		{4BD3B218-0CB0-49D5-8231-B24265EA98B9}.Debug|Any CPU.Build.0 = Debug|Any CPU
		{4BD3B218-0CB0-49D5-8231-B24265EA98B9}.Debug|x64.ActiveCfg = Debug|Any CPU
		{4BD3B218-0CB0-49D5-8231-B24265EA98B9}.Debug|x64.Build.0 = Debug|Any CPU
		{4BD3B218-0CB0-49D5-8231-B24265EA98B9}.Debug|x86.ActiveCfg = Debug|Any CPU
		{4BD3B218-0CB0-49D5-8231-B24265EA98B9}.Debug|x86.Build.0 = Debug|Any CPU
		{4BD3B218-0CB0-49D5-8231-B24265EA98B9}.Release|Any CPU.ActiveCfg = Release|Any CPU
		{4BD3B218-0CB0-49D5-8231-B24265EA98B9}.Release|Any CPU.Build.0 = Release|Any CPU
		{4BD3B218-0CB0-49D5-8231-B24265EA98B9}.Release|x64.ActiveCfg = Release|Any CPU
		{4BD3B218-0CB0-49D5-8231-B24265EA98B9}.Release|x64.Build.0 = Release|Any CPU
		{4BD3B218-0CB0-49D5-8231-B24265EA98B9}.Release|x86.ActiveCfg = Release|Any CPU
		{4BD3B218-0CB0-49D5-8231-B24265EA98B9}.Release|x86.Build.0 = Release|Any CPU
		{2F3EF667-ED59-4079-B979-E58D49047E55}.Debug|Any CPU.ActiveCfg = Debug|Any CPU
		{2F3EF667-ED59-4079-B979-E58D49047E55}.Debug|Any CPU.Build.0 = Debug|Any CPU
		{2F3EF667-ED59-4079-B979-E58D49047E55}.Debug|x64.ActiveCfg = Debug|Any CPU
		{2F3EF667-ED59-4079-B979-E58D49047E55}.Debug|x64.Build.0 = Debug|Any CPU
		{2F3EF667-ED59-4079-B979-E58D49047E55}.Debug|x86.ActiveCfg = Debug|Any CPU
		{2F3EF667-ED59-4079-B979-E58D49047E55}.Debug|x86.Build.0 = Debug|Any CPU
		{2F3EF667-ED59-4079-B979-E58D49047E55}.Release|Any CPU.ActiveCfg = Release|Any CPU
		{2F3EF667-ED59-4079-B979-E58D49047E55}.Release|Any CPU.Build.0 = Release|Any CPU
		{2F3EF667-ED59-4079-B979-E58D49047E55}.Release|x64.ActiveCfg = Release|Any CPU
		{2F3EF667-ED59-4079-B979-E58D49047E55}.Release|x64.Build.0 = Release|Any CPU
		{2F3EF667-ED59-4079-B979-E58D49047E55}.Release|x86.ActiveCfg = Release|Any CPU
		{2F3EF667-ED59-4079-B979-E58D49047E55}.Release|x86.Build.0 = Release|Any CPU
	EndGlobalSection
	GlobalSection(SolutionProperties) = preSolution
		HideSolutionNode = FALSE
	EndGlobalSection
EndGlobal
